
Microsoft Visual Studio Solution File, Format Version 12.00
# Visual Studio Version 16
VisualStudioVersion = 16.0.29102.190
MinimumVisualStudioVersion = 10.0.40219.1
Project("{FAE04EC0-301F-11D3-BF4B-00C04F79EFBC}") = "Milight.APIClient", "Milight.APIClient\Milight.APIClient.csproj", "{42F76632-BBD4-4F0B-B2DE-7F0D4318D79E}"
EndProject
Global
	GlobalSection(SolutionConfigurationPlatforms) = preSolution
		Debug|Any CPU = Debug|Any CPU
		Release|Any CPU = Release|Any CPU
	EndGlobalSection
	GlobalSection(ProjectConfigurationPlatforms) = postSolution
		{42F76632-BBD4-4F0B-B2DE-7F0D4318D79E}.Debug|Any CPU.ActiveCfg = Debug|Any CPU
		{42F76632-BBD4-4F0B-B2DE-7F0D4318D79E}.Debug|Any CPU.Build.0 = Debug|Any CPU
		{42F76632-BBD4-4F0B-B2DE-7F0D4318D79E}.Release|Any CPU.ActiveCfg = Release|Any CPU
		{42F76632-BBD4-4F0B-B2DE-7F0D4318D79E}.Release|Any CPU.Build.0 = Release|Any CPU
	EndGlobalSection
	GlobalSection(SolutionProperties) = preSolution
		HideSolutionNode = FALSE
	EndGlobalSection
	GlobalSection(ExtensibilityGlobals) = postSolution
		SolutionGuid = {B10CE871-FA68-46DC-BD36-E039D1B21EC5}
	EndGlobalSection
EndGlobal
